{
  "pins" : [
    {
      "identity" : "libwebp-xcode",
      "kind" : "remoteSourceControl",
      "location" : "https://github.com/SDWebImage/libwebp-Xcode.git",
      "state" : {
        "revision" : "4f52fc9b29600a03de6e05af16df0d694cb44301",
        "version" : "1.2.4"
      }
    },
    {
      "identity" : "sdwebimage",
      "kind" : "remoteSourceControl",
      "location" : "https://github.com/SDWebImage/SDWebImage.git",
      "state" : {
        "revision" : "7f9fb5d43ecd4aa714c00746f54873f354403438",
        "version" : "5.15.8"
      }
    },
    {
      "identity" : "sdwebimagewebpcoder",
      "kind" : "remoteSourceControl",
      "location" : "https://github.com/SDWebImage/SDWebImageWebPCoder.git",
      "state" : {
        "revision" : "7087a82a3d23cbace8e4bb12cd0df054c7f2356a",
        "version" : "0.11.0"
      }
    }
  ],
  "version" : 2
}
