// !$*UTF8*$!
{
	archiveVersion = 1;
	classes = {
	};
	objectVersion = 70;
	objects = {

/* Begin PBXBuildFile section */
		203AF9672A2966B60018EE87 /* SDWebImageWebPCoder in Frameworks */ = {isa = PBXBuildFile; productRef = 203AF9662A2966B60018EE87 /* SDWebImageWebPCoder */; };
		20687C2C2D53395300CE0EC0 /* SSGMacro in Frameworks */ = {isa = PBXBuildFile; productRef = 20687C2B2D53395300CE0EC0 /* SSGMacro */; };
		207DA9A72CD8AECF0001BFF5 /* TableViewAdapter in Frameworks */ = {isa = PBXBuildFile; productRef = 207DA9A62CD8AECF0001BFF5 /* TableViewAdapter */; };
		209BBFBD2CEEC94C00100285 /* PushAnimation in Frameworks */ = {isa = PBXBuildFile; productRef = 209BBFBC2CEEC94C00100285 /* PushAnimation */; };
		20C29C7C2CD4B9CB00F23EFD /* CollectionViewAdapter in Frameworks */ = {isa = PBXBuildFile; productRef = 20C29C7B2CD4B9CB00F23EFD /* CollectionViewAdapter */; };
		20C7AA902CC738A0007D01D4 /* PkhGridView in Frameworks */ = {isa = PBXBuildFile; productRef = 20C7AA8F2CC738A0007D01D4 /* PkhGridView */; };
		20FA8C652C6C605D00837939 /* EasyConstraints in Frameworks */ = {isa = PBXBuildFile; productRef = 20FA8C642C6C605D00837939 /* EasyConstraints */; };
		20FA8C742C6C7A8C00837939 /* SwiftHelper in Frameworks */ = {isa = PBXBuildFile; productRef = 20FA8C732C6C7A8C00837939 /* SwiftHelper */; };
		20FF90D92D226C5F00872ED6 /* DeinitChecker in Frameworks */ = {isa = PBXBuildFile; productRef = 20FF90D82D226C5F00872ED6 /* DeinitChecker */; };
/* End PBXBuildFile section */

/* Begin PBXCopyFilesBuildPhase section */
		201CE7EF2D3E0FD500409A19 /* Embed Frameworks */ = {
			isa = PBXCopyFilesBuildPhase;
			buildActionMask = 2147483647;
			dstPath = "";
			dstSubfolderSpec = 10;
			files = (
			);
			name = "Embed Frameworks";
			runOnlyForDeploymentPostprocessing = 0;
		};
/* End PBXCopyFilesBuildPhase section */

/* Begin PBXFileReference section */
		205CAE8528AB1EDF002999A8 /* TestProduct.app */ = {isa = PBXFileReference; explicitFileType = wrapper.application; includeInIndex = 0; path = TestProduct.app; sourceTree = BUILT_PRODUCTS_DIR; };
/* End PBXFileReference section */

/* Begin PBXFileSystemSynchronizedBuildFileExceptionSet section */
		203AE0D42D38926A00629AE7 /* PBXFileSystemSynchronizedBuildFileExceptionSet */ = {
			isa = PBXFileSystemSynchronizedBuildFileExceptionSet;
			membershipExceptions = (
				Info.plist,
			);
			target = 205CAE8428AB1EDF002999A8 /* TestProduct */;
		};
/* End PBXFileSystemSynchronizedBuildFileExceptionSet section */

/* Begin PBXFileSystemSynchronizedRootGroup section */
		203AE0A82D38926A00629AE7 /* test */ = {isa = PBXFileSystemSynchronizedRootGroup; exceptions = (203AE0D42D38926A00629AE7 /* PBXFileSystemSynchronizedBuildFileExceptionSet */, ); explicitFileTypes = {}; explicitFolders = (); path = test; sourceTree = "<group>"; };
/* End PBXFileSystemSynchronizedRootGroup section */

/* Begin PBXFrameworksBuildPhase section */
		205CAE8228AB1EDF002999A8 /* Frameworks */ = {
			isa = PBXFrameworksBuildPhase;
			buildActionMask = 2147483647;
			files = (
				20FA8C742C6C7A8C00837939 /* SwiftHelper in Frameworks */,
				20C7AA902CC738A0007D01D4 /* PkhGridView in Frameworks */,
				207DA9A72CD8AECF0001BFF5 /* TableViewAdapter in Frameworks */,
				203AF9672A2966B60018EE87 /* SDWebImageWebPCoder in Frameworks */,
				20C29C7C2CD4B9CB00F23EFD /* CollectionViewAdapter in Frameworks */,
				209BBFBD2CEEC94C00100285 /* PushAnimation in Frameworks */,
				20687C2C2D53395300CE0EC0 /* SSGMacro in Frameworks */,
				20FA8C652C6C605D00837939 /* EasyConstraints in Frameworks */,
				20FF90D92D226C5F00872ED6 /* DeinitChecker in Frameworks */,
			);
			runOnlyForDeploymentPostprocessing = 0;
		};
/* End PBXFrameworksBuildPhase section */

/* Begin PBXGroup section */
		205CAE7C28AB1EDF002999A8 = {
			isa = PBXGroup;
			children = (
				203AE0A82D38926A00629AE7 /* test */,
				20C29C7A2CD4B9CB00F23EFD /* Frameworks */,
				205CAE8628AB1EDF002999A8 /* Products */,
			);
			sourceTree = "<group>";
		};
		205CAE8628AB1EDF002999A8 /* Products */ = {
			isa = PBXGroup;
			children = (
				205CAE8528AB1EDF002999A8 /* TestProduct.app */,
			);
			name = Products;
			sourceTree = "<group>";
		};
		20C29C7A2CD4B9CB00F23EFD /* Frameworks */ = {
			isa = PBXGroup;
			children = (
			);
			name = Frameworks;
			sourceTree = "<group>";
		};
/* End PBXGroup section */

/* Begin PBXNativeTarget section */
		205CAE8428AB1EDF002999A8 /* TestProduct */ = {
			isa = PBXNativeTarget;
			buildConfigurationList = 205CAE9928AB1EE0002999A8 /* Build configuration list for PBXNativeTarget "TestProduct" */;
			buildPhases = (
				205CAE8128AB1EDF002999A8 /* Sources */,
				205CAE8228AB1EDF002999A8 /* Frameworks */,
				205CAE8328AB1EDF002999A8 /* Resources */,
				201CE7EF2D3E0FD500409A19 /* Embed Frameworks */,
			);
			buildRules = (
			);
			dependencies = (
			);
			fileSystemSynchronizedGroups = (
				203AE0A82D38926A00629AE7 /* test */,
			);
			name = TestProduct;
			packageProductDependencies = (
				203AF9662A2966B60018EE87 /* SDWebImageWebPCoder */,
				20FA8C642C6C605D00837939 /* EasyConstraints */,
				20FA8C732C6C7A8C00837939 /* SwiftHelper */,
				20C7AA8F2CC738A0007D01D4 /* PkhGridView */,
				20C29C7B2CD4B9CB00F23EFD /* CollectionViewAdapter */,
				207DA9A62CD8AECF0001BFF5 /* TableViewAdapter */,
				209BBFBC2CEEC94C00100285 /* PushAnimation */,
				20FF90D82D226C5F00872ED6 /* DeinitChecker */,
				20687C2B2D53395300CE0EC0 /* SSGMacro */,
			);
			productName = test;
			productReference = 205CAE8528AB1EDF002999A8 /* TestProduct.app */;
			productType = "com.apple.product-type.application";
		};
/* End PBXNativeTarget section */

/* Begin PBXProject section */
		205CAE7D28AB1EDF002999A8 /* Project object */ = {
			isa = PBXProject;
			attributes = {
				BuildIndependentTargetsInParallel = 1;
				LastSwiftUpdateCheck = 1330;
				LastUpgradeCheck = 1630;
				TargetAttributes = {
					205CAE8428AB1EDF002999A8 = {
						CreatedOnToolsVersion = 13.3.1;
					};
				};
			};
			buildConfigurationList = 205CAE8028AB1EDF002999A8 /* Build configuration list for PBXProject "TestProduct" */;
			compatibilityVersion = "Xcode 13.0";
			developmentRegion = en;
			hasScannedForEncodings = 0;
			knownRegions = (
				en,
				Base,
			);
			mainGroup = 205CAE7C28AB1EDF002999A8;
			packageReferences = (
				203AF9652A2966B60018EE87 /* XCRemoteSwiftPackageReference "SDWebImageWebPCoder" */,
				20FA8C632C6C605D00837939 /* XCRemoteSwiftPackageReference "EasyConstraints" */,
				20FA8C722C6C7A8C00837939 /* XCRemoteSwiftPackageReference "SwiftHelper" */,
				20C7AA8E2CC738A0007D01D4 /* XCRemoteSwiftPackageReference "PkhGridView" */,
				20FB6EFA2CD4B2030004F7AE /* XCRemoteSwiftPackageReference "CollectionViewAdapter" */,
				2047EE322CD8AE1300FF3003 /* XCRemoteSwiftPackageReference "TableViewAdapter" */,
				203FAB7D2CE58E040090A59D /* XCRemoteSwiftPackageReference "PKHJsonParser" */,
				20E3492C2CEEBDF3001FD516 /* XCRemoteSwiftPackageReference "PushAnimation" */,
				2058367B2D226BAD0069323D /* XCRemoteSwiftPackageReference "DeinitChecker" */,
				20687C2A2D53395300CE0EC0 /* XCRemoteSwiftPackageReference "SSGMacro" */,
			);
			productRefGroup = 205CAE8628AB1EDF002999A8 /* Products */;
			projectDirPath = "";
			projectRoot = "";
			targets = (
				205CAE8428AB1EDF002999A8 /* TestProduct */,
			);
		};
/* End PBXProject section */

/* Begin PBXResourcesBuildPhase section */
		205CAE8328AB1EDF002999A8 /* Resources */ = {
			isa = PBXResourcesBuildPhase;
			buildActionMask = 2147483647;
			files = (
			);
			runOnlyForDeploymentPostprocessing = 0;
		};
/* End PBXResourcesBuildPhase section */

/* Begin PBXSourcesBuildPhase section */
		205CAE8128AB1EDF002999A8 /* Sources */ = {
			isa = PBXSourcesBuildPhase;
			buildActionMask = 2147483647;
			files = (
			);
			runOnlyForDeploymentPostprocessing = 0;
		};
/* End PBXSourcesBuildPhase section */

/* Begin XCBuildConfiguration section */
		205CAE9728AB1EE0002999A8 /* Debug */ = {
			isa = XCBuildConfiguration;
			buildSettings = {
				ALWAYS_SEARCH_USER_PATHS = NO;
				CLANG_ANALYZER_NONNULL = YES;
				CLANG_ANALYZER_NUMBER_OBJECT_CONVERSION = YES_AGGRESSIVE;
				CLANG_CXX_LANGUAGE_STANDARD = "gnu++17";
				CLANG_ENABLE_MODULES = YES;
				CLANG_ENABLE_OBJC_ARC = YES;
				CLANG_ENABLE_OBJC_WEAK = YES;
				CLANG_WARN_BLOCK_CAPTURE_AUTORELEASING = YES;
				CLANG_WARN_BOOL_CONVERSION = YES;
				CLANG_WARN_COMMA = YES;
				CLANG_WARN_CONSTANT_CONVERSION = YES;
				CLANG_WARN_DEPRECATED_OBJC_IMPLEMENTATIONS = YES;
				CLANG_WARN_DIRECT_OBJC_ISA_USAGE = YES_ERROR;
				CLANG_WARN_DOCUMENTATION_COMMENTS = YES;
				CLANG_WARN_EMPTY_BODY = YES;
				CLANG_WARN_ENUM_CONVERSION = YES;
				CLANG_WARN_INFINITE_RECURSION = YES;
				CLANG_WARN_INT_CONVERSION = YES;
				CLANG_WARN_NON_LITERAL_NULL_CONVERSION = YES;
				CLANG_WARN_OBJC_IMPLICIT_RETAIN_SELF = YES;
				CLANG_WARN_OBJC_LITERAL_CONVERSION = YES;
				CLANG_WARN_OBJC_ROOT_CLASS = YES_ERROR;
				CLANG_WARN_QUOTED_INCLUDE_IN_FRAMEWORK_HEADER = YES;
				CLANG_WARN_RANGE_LOOP_ANALYSIS = YES;
				CLANG_WARN_STRICT_PROTOTYPES = YES;
				CLANG_WARN_SUSPICIOUS_MOVE = YES;
				CLANG_WARN_UNGUARDED_AVAILABILITY = YES_AGGRESSIVE;
				CLANG_WARN_UNREACHABLE_CODE = YES;
				CLANG_WARN__DUPLICATE_METHOD_MATCH = YES;
				COPY_PHASE_STRIP = NO;
				DEBUG_INFORMATION_FORMAT = dwarf;
				DEVELOPMENT_TEAM = LW3F5LSN8X;
				ENABLE_STRICT_OBJC_MSGSEND = YES;
				ENABLE_TESTABILITY = YES;
				ENABLE_USER_SCRIPT_SANDBOXING = YES;
				GCC_C_LANGUAGE_STANDARD = gnu11;
				GCC_DYNAMIC_NO_PIC = NO;
				GCC_NO_COMMON_BLOCKS = YES;
				GCC_OPTIMIZATION_LEVEL = 0;
				GCC_PREPROCESSOR_DEFINITIONS = (
					"DEBUG=1",
					"$(inherited)",
				);
				GCC_WARN_64_TO_32_BIT_CONVERSION = YES;
				GCC_WARN_ABOUT_RETURN_TYPE = YES_ERROR;
				GCC_WARN_UNDECLARED_SELECTOR = YES;
				GCC_WARN_UNINITIALIZED_AUTOS = YES_AGGRESSIVE;
				GCC_WARN_UNUSED_FUNCTION = YES;
				GCC_WARN_UNUSED_VARIABLE = YES;
				IPHONEOS_DEPLOYMENT_TARGET = 13.0;
				MTL_ENABLE_DEBUG_INFO = INCLUDE_SOURCE;
				MTL_FAST_MATH = YES;
				ONLY_ACTIVE_ARCH = YES;
				SDKROOT = iphoneos;
				SWIFT_ACTIVE_COMPILATION_CONDITIONS = DEBUG;
				SWIFT_OPTIMIZATION_LEVEL = "-Onone";
				SWIFT_VERSION = 5.0;
				_EXPERIMENTAL_SWIFT_EXPLICIT_MODULES = YES;
			};
			name = Debug;
		};
		205CAE9828AB1EE0002999A8 /* Release */ = {
			isa = XCBuildConfiguration;
			buildSettings = {
				ALWAYS_SEARCH_USER_PATHS = NO;
				CLANG_ANALYZER_NONNULL = YES;
				CLANG_ANALYZER_NUMBER_OBJECT_CONVERSION = YES_AGGRESSIVE;
				CLANG_CXX_LANGUAGE_STANDARD = "gnu++17";
				CLANG_ENABLE_MODULES = YES;
				CLANG_ENABLE_OBJC_ARC = YES;
				CLANG_ENABLE_OBJC_WEAK = YES;
				CLANG_WARN_BLOCK_CAPTURE_AUTORELEASING = YES;
				CLANG_WARN_BOOL_CONVERSION = YES;
				CLANG_WARN_COMMA = YES;
				CLANG_WARN_CONSTANT_CONVERSION = YES;
				CLANG_WARN_DEPRECATED_OBJC_IMPLEMENTATIONS = YES;
				CLANG_WARN_DIRECT_OBJC_ISA_USAGE = YES_ERROR;
				CLANG_WARN_DOCUMENTATION_COMMENTS = YES;
				CLANG_WARN_EMPTY_BODY = YES;
				CLANG_WARN_ENUM_CONVERSION = YES;
				CLANG_WARN_INFINITE_RECURSION = YES;
				CLANG_WARN_INT_CONVERSION = YES;
				CLANG_WARN_NON_LITERAL_NULL_CONVERSION = YES;
				CLANG_WARN_OBJC_IMPLICIT_RETAIN_SELF = YES;
				CLANG_WARN_OBJC_LITERAL_CONVERSION = YES;
				CLANG_WARN_OBJC_ROOT_CLASS = YES_ERROR;
				CLANG_WARN_QUOTED_INCLUDE_IN_FRAMEWORK_HEADER = YES;
				CLANG_WARN_RANGE_LOOP_ANALYSIS = YES;
				CLANG_WARN_STRICT_PROTOTYPES = YES;
				CLANG_WARN_SUSPICIOUS_MOVE = YES;
				CLANG_WARN_UNGUARDED_AVAILABILITY = YES_AGGRESSIVE;
				CLANG_WARN_UNREACHABLE_CODE = YES;
				CLANG_WARN__DUPLICATE_METHOD_MATCH = YES;
				COPY_PHASE_STRIP = NO;
				DEBUG_INFORMATION_FORMAT = "dwarf-with-dsym";
				DEVELOPMENT_TEAM = LW3F5LSN8X;
				ENABLE_NS_ASSERTIONS = NO;
				ENABLE_STRICT_OBJC_MSGSEND = YES;
				ENABLE_USER_SCRIPT_SANDBOXING = YES;
				GCC_C_LANGUAGE_STANDARD = gnu11;
				GCC_NO_COMMON_BLOCKS = YES;
				GCC_WARN_64_TO_32_BIT_CONVERSION = YES;
				GCC_WARN_ABOUT_RETURN_TYPE = YES_ERROR;
				GCC_WARN_UNDECLARED_SELECTOR = YES;
				GCC_WARN_UNINITIALIZED_AUTOS = YES_AGGRESSIVE;
				GCC_WARN_UNUSED_FUNCTION = YES;
				GCC_WARN_UNUSED_VARIABLE = YES;
				IPHONEOS_DEPLOYMENT_TARGET = 13.0;
				MTL_ENABLE_DEBUG_INFO = NO;
				MTL_FAST_MATH = YES;
				SDKROOT = iphoneos;
				SWIFT_COMPILATION_MODE = wholemodule;
				SWIFT_OPTIMIZATION_LEVEL = "-O";
				SWIFT_VERSION = 5.0;
				VALIDATE_PRODUCT = YES;
				_EXPERIMENTAL_SWIFT_EXPLICIT_MODULES = YES;
			};
			name = Release;
		};
		205CAE9A28AB1EE0002999A8 /* Debug */ = {
			isa = XCBuildConfiguration;
			buildSettings = {
				ASSETCATALOG_COMPILER_APPICON_NAME = AppIcon;
				ASSETCATALOG_COMPILER_GLOBAL_ACCENT_COLOR_NAME = AccentColor;
				CODE_SIGN_STYLE = Automatic;
				CURRENT_PROJECT_VERSION = 1;
				GENERATE_INFOPLIST_FILE = YES;
				INFOPLIST_FILE = test/Info.plist;
				INFOPLIST_KEY_NSPhotoLibraryAddUsageDescription = "캡처된 화면을 사진 앱에 저장하기 위해 권한이 필요합니다.";
				INFOPLIST_KEY_UIApplicationSupportsIndirectInputEvents = YES;
				INFOPLIST_KEY_UILaunchStoryboardName = LaunchScreen;
				INFOPLIST_KEY_UIMainStoryboardFile = Main;
				INFOPLIST_KEY_UISupportedInterfaceOrientations_iPad = "UIInterfaceOrientationPortrait UIInterfaceOrientationPortraitUpsideDown UIInterfaceOrientationLandscapeLeft UIInterfaceOrientationLandscapeRight";
				INFOPLIST_KEY_UISupportedInterfaceOrientations_iPhone = "UIInterfaceOrientationPortrait UIInterfaceOrientationLandscapeLeft UIInterfaceOrientationLandscapeRight";
				INFOPLIST_KEY_UIUserInterfaceStyle = Light;
				IPHONEOS_DEPLOYMENT_TARGET = 13.0;
				LD_RUNPATH_SEARCH_PATHS = (
					"$(inherited)",
					"@executable_path/Frameworks",
				);
				MARKETING_VERSION = 1.0;
				PRODUCT_BUNDLE_IDENTIFIER = com.beta.test;
				PRODUCT_NAME = "$(TARGET_NAME)";
				SWIFT_EMIT_LOC_STRINGS = YES;
				SWIFT_VERSION = 5.0;
				TARGETED_DEVICE_FAMILY = "1,2";
				_EXPERIMENTAL_SWIFT_EXPLICIT_MODULES = YES;
			};
			name = Debug;
		};
		205CAE9B28AB1EE0002999A8 /* Release */ = {
			isa = XCBuildConfiguration;
			buildSettings = {
				ASSETCATALOG_COMPILER_APPICON_NAME = AppIcon;
				ASSETCATALOG_COMPILER_GLOBAL_ACCENT_COLOR_NAME = AccentColor;
				CODE_SIGN_STYLE = Automatic;
				CURRENT_PROJECT_VERSION = 1;
				GENERATE_INFOPLIST_FILE = YES;
				INFOPLIST_FILE = test/Info.plist;
				INFOPLIST_KEY_NSPhotoLibraryAddUsageDescription = "캡처된 화면을 사진 앱에 저장하기 위해 권한이 필요합니다.";
				INFOPLIST_KEY_UIApplicationSupportsIndirectInputEvents = YES;
				INFOPLIST_KEY_UILaunchStoryboardName = LaunchScreen;
				INFOPLIST_KEY_UIMainStoryboardFile = Main;
				INFOPLIST_KEY_UISupportedInterfaceOrientations_iPad = "UIInterfaceOrientationPortrait UIInterfaceOrientationPortraitUpsideDown UIInterfaceOrientationLandscapeLeft UIInterfaceOrientationLandscapeRight";
				INFOPLIST_KEY_UISupportedInterfaceOrientations_iPhone = "UIInterfaceOrientationPortrait UIInterfaceOrientationLandscapeLeft UIInterfaceOrientationLandscapeRight";
				INFOPLIST_KEY_UIUserInterfaceStyle = Light;
				IPHONEOS_DEPLOYMENT_TARGET = 13.0;
				LD_RUNPATH_SEARCH_PATHS = (
					"$(inherited)",
					"@executable_path/Frameworks",
				);
				MARKETING_VERSION = 1.0;
				PRODUCT_BUNDLE_IDENTIFIER = com.beta.test;
				PRODUCT_NAME = "$(TARGET_NAME)";
				SWIFT_EMIT_LOC_STRINGS = YES;
				SWIFT_VERSION = 5.0;
				TARGETED_DEVICE_FAMILY = "1,2";
				_EXPERIMENTAL_SWIFT_EXPLICIT_MODULES = YES;
			};
			name = Release;
		};
/* End XCBuildConfiguration section */

/* Begin XCConfigurationList section */
		205CAE8028AB1EDF002999A8 /* Build configuration list for PBXProject "TestProduct" */ = {
			isa = XCConfigurationList;
			buildConfigurations = (
				205CAE9728AB1EE0002999A8 /* Debug */,
				205CAE9828AB1EE0002999A8 /* Release */,
			);
			defaultConfigurationIsVisible = 0;
			defaultConfigurationName = Release;
		};
		205CAE9928AB1EE0002999A8 /* Build configuration list for PBXNativeTarget "TestProduct" */ = {
			isa = XCConfigurationList;
			buildConfigurations = (
				205CAE9A28AB1EE0002999A8 /* Debug */,
				205CAE9B28AB1EE0002999A8 /* Release */,
			);
			defaultConfigurationIsVisible = 0;
			defaultConfigurationName = Release;
		};
/* End XCConfigurationList section */

/* Begin XCRemoteSwiftPackageReference section */
		203AF9652A2966B60018EE87 /* XCRemoteSwiftPackageReference "SDWebImageWebPCoder" */ = {
			isa = XCRemoteSwiftPackageReference;
			repositoryURL = "https://github.com/SDWebImage/SDWebImageWebPCoder.git";
			requirement = {
				kind = upToNextMajorVersion;
				minimumVersion = 0.14.6;
			};
		};
		203FAB7D2CE58E040090A59D /* XCRemoteSwiftPackageReference "PKHJsonParser" */ = {
			isa = XCRemoteSwiftPackageReference;
			repositoryURL = "https://github.com/pkh0225/PKHJsonParser.git";
			requirement = {
				kind = upToNextMajorVersion;
				minimumVersion = 1.3.2;
			};
		};
		2047EE322CD8AE1300FF3003 /* XCRemoteSwiftPackageReference "TableViewAdapter" */ = {
			isa = XCRemoteSwiftPackageReference;
			repositoryURL = "https://github.com/pkh0225/TableViewAdapter.git";
			requirement = {
				kind = upToNextMajorVersion;
				minimumVersion = 1.1.0;
			};
		};
		2058367B2D226BAD0069323D /* XCRemoteSwiftPackageReference "DeinitChecker" */ = {
			isa = XCRemoteSwiftPackageReference;
			repositoryURL = "https://github.com/pkh0225/DeinitChecker.git";
			requirement = {
				kind = upToNextMajorVersion;
				minimumVersion = 1.0.0;
			};
		};
		20687C2A2D53395300CE0EC0 /* XCRemoteSwiftPackageReference "SSGMacro" */ = {
			isa = XCRemoteSwiftPackageReference;
			repositoryURL = "https://github.com/pkh0225/SSGMacro.git";
			requirement = {
				kind = upToNextMajorVersion;
				minimumVersion = 0.1.0;
			};
		};
		20C7AA8E2CC738A0007D01D4 /* XCRemoteSwiftPackageReference "PkhGridView" */ = {
			isa = XCRemoteSwiftPackageReference;
			repositoryURL = "https://github.com/pkh0225/PkhGridView.git";
			requirement = {
				kind = upToNextMajorVersion;
				minimumVersion = 1.3.9;
			};
		};
		20E3492C2CEEBDF3001FD516 /* XCRemoteSwiftPackageReference "PushAnimation" */ = {
			isa = XCRemoteSwiftPackageReference;
			repositoryURL = "https://github.com/pkh0225/PushAnimation.git";
			requirement = {
				kind = upToNextMajorVersion;
				minimumVersion = 1.0.1;
			};
		};
		20FA8C632C6C605D00837939 /* XCRemoteSwiftPackageReference "EasyConstraints" */ = {
			isa = XCRemoteSwiftPackageReference;
			repositoryURL = "https://github.com/pkh0225/EasyConstraints.git";
			requirement = {
				kind = upToNextMajorVersion;
				minimumVersion = 1.2.5;
			};
		};
		20FA8C722C6C7A8C00837939 /* XCRemoteSwiftPackageReference "SwiftHelper" */ = {
			isa = XCRemoteSwiftPackageReference;
			repositoryURL = "https://github.com/pkh0225/SwiftHelper.git";
			requirement = {
				kind = upToNextMajorVersion;
				minimumVersion = 1.5.6;
			};
		};
		20FB6EFA2CD4B2030004F7AE /* XCRemoteSwiftPackageReference "CollectionViewAdapter" */ = {
			isa = XCRemoteSwiftPackageReference;
			repositoryURL = "https://github.com/pkh0225/CollectionViewAdapter.git";
			requirement = {
				kind = upToNextMajorVersion;
				minimumVersion = 1.6.7;
			};
		};
/* End XCRemoteSwiftPackageReference section */

/* Begin XCSwiftPackageProductDependency section */
		203AF9662A2966B60018EE87 /* SDWebImageWebPCoder */ = {
			isa = XCSwiftPackageProductDependency;
			package = 203AF9652A2966B60018EE87 /* XCRemoteSwiftPackageReference "SDWebImageWebPCoder" */;
			productName = SDWebImageWebPCoder;
		};
		20687C2B2D53395300CE0EC0 /* SSGMacro */ = {
			isa = XCSwiftPackageProductDependency;
			package = 20687C2A2D53395300CE0EC0 /* XCRemoteSwiftPackageReference "SSGMacro" */;
			productName = SSGMacro;
		};
		207DA9A62CD8AECF0001BFF5 /* TableViewAdapter */ = {
			isa = XCSwiftPackageProductDependency;
			package = 2047EE322CD8AE1300FF3003 /* XCRemoteSwiftPackageReference "TableViewAdapter" */;
			productName = TableViewAdapter;
		};
		209BBFBC2CEEC94C00100285 /* PushAnimation */ = {
			isa = XCSwiftPackageProductDependency;
			package = 20E3492C2CEEBDF3001FD516 /* XCRemoteSwiftPackageReference "PushAnimation" */;
			productName = PushAnimation;
		};
		20C29C7B2CD4B9CB00F23EFD /* CollectionViewAdapter */ = {
			isa = XCSwiftPackageProductDependency;
			package = 20FB6EFA2CD4B2030004F7AE /* XCRemoteSwiftPackageReference "CollectionViewAdapter" */;
			productName = CollectionViewAdapter;
		};
		20C7AA8F2CC738A0007D01D4 /* PkhGridView */ = {
			isa = XCSwiftPackageProductDependency;
			package = 20C7AA8E2CC738A0007D01D4 /* XCRemoteSwiftPackageReference "PkhGridView" */;
			productName = PkhGridView;
		};
		20FA8C642C6C605D00837939 /* EasyConstraints */ = {
			isa = XCSwiftPackageProductDependency;
			package = 20FA8C632C6C605D00837939 /* XCRemoteSwiftPackageReference "EasyConstraints" */;
			productName = EasyConstraints;
		};
		20FA8C732C6C7A8C00837939 /* SwiftHelper */ = {
			isa = XCSwiftPackageProductDependency;
			package = 20FA8C722C6C7A8C00837939 /* XCRemoteSwiftPackageReference "SwiftHelper" */;
			productName = SwiftHelper;
		};
		20FF90D82D226C5F00872ED6 /* DeinitChecker */ = {
			isa = XCSwiftPackageProductDependency;
			package = 2058367B2D226BAD0069323D /* XCRemoteSwiftPackageReference "DeinitChecker" */;
			productName = DeinitChecker;
		};
/* End XCSwiftPackageProductDependency section */
	};
	rootObject = 205CAE7D28AB1EDF002999A8 /* Project object */;
}
