// !$*UTF8*$!
{
	archiveVersion = 1;
	classes = {
	};
	objectVersion = 55;
	objects = {

/* Begin PBXBuildFile section */
		200E2D8B2AE0DC1F004C13C5 /* CollectionViewTestViewController.swift in Sources */ = {isa = PBXBuildFile; fileRef = 200E2D8A2AE0DC1F004C13C5 /* CollectionViewTestViewController.swift */; };
		202354C32CD4AA0B002BBBF2 /* CompositionalTestCell.swift in Sources */ = {isa = PBXBuildFile; fileRef = 202354BF2CD4AA0B002BBBF2 /* CompositionalTestCell.swift */; };
		202354C42CD4AA0B002BBBF2 /* CompositionalLayoutTestViewController.swift in Sources */ = {isa = PBXBuildFile; fileRef = 202354BE2CD4AA0B002BBBF2 /* CompositionalLayoutTestViewController.swift */; };
		202354C52CD4AA0B002BBBF2 /* DiffableDataSourceViewController.swift in Sources */ = {isa = PBXBuildFile; fileRef = 202354C12CD4AA0B002BBBF2 /* DiffableDataSourceViewController.swift */; };
		202354C82CD4AAB9002BBBF2 /* TestCollectionReusableView.xib in Resources */ = {isa = PBXBuildFile; fileRef = 202354C72CD4AAB9002BBBF2 /* TestCollectionReusableView.xib */; };
		202354C92CD4AAB9002BBBF2 /* TestCollectionReusableView.swift in Sources */ = {isa = PBXBuildFile; fileRef = 202354C62CD4AAB9002BBBF2 /* TestCollectionReusableView.swift */; };
		203AF9602A295AF50018EE87 /* WebLoadImageTestViewController.swift in Sources */ = {isa = PBXBuildFile; fileRef = 203AF95F2A295AF50018EE87 /* WebLoadImageTestViewController.swift */; };
		203AF9672A2966B60018EE87 /* SDWebImageWebPCoder in Frameworks */ = {isa = PBXBuildFile; productRef = 203AF9662A2966B60018EE87 /* SDWebImageWebPCoder */; };
		205CAE8928AB1EDF002999A8 /* AppDelegate.swift in Sources */ = {isa = PBXBuildFile; fileRef = 205CAE8828AB1EDF002999A8 /* AppDelegate.swift */; };
		205CAE8B28AB1EDF002999A8 /* SceneDelegate.swift in Sources */ = {isa = PBXBuildFile; fileRef = 205CAE8A28AB1EDF002999A8 /* SceneDelegate.swift */; };
		205CAE8D28AB1EDF002999A8 /* ThreadViewController.swift in Sources */ = {isa = PBXBuildFile; fileRef = 205CAE8C28AB1EDF002999A8 /* ThreadViewController.swift */; };
		205CAE9028AB1EDF002999A8 /* Main.storyboard in Resources */ = {isa = PBXBuildFile; fileRef = 205CAE8E28AB1EDF002999A8 /* Main.storyboard */; };
		205CAE9228AB1EE0002999A8 /* Assets.xcassets in Resources */ = {isa = PBXBuildFile; fileRef = 205CAE9128AB1EE0002999A8 /* Assets.xcassets */; };
		205CAE9528AB1EE0002999A8 /* LaunchScreen.storyboard in Resources */ = {isa = PBXBuildFile; fileRef = 205CAE9328AB1EE0002999A8 /* LaunchScreen.storyboard */; };
		205CE6AB29E26E650028450C /* DynamicAnimatorViewController.swift in Sources */ = {isa = PBXBuildFile; fileRef = 205CE6AA29E26E650028450C /* DynamicAnimatorViewController.swift */; };
		205CE6AE29E273BC0028450C /* DragAbleViewController.swift in Sources */ = {isa = PBXBuildFile; fileRef = 205CE6AD29E273BC0028450C /* DragAbleViewController.swift */; };
		205CE6B129E388810028450C /* DynamicffectsTabViewController.swift in Sources */ = {isa = PBXBuildFile; fileRef = 205CE6B029E388810028450C /* DynamicffectsTabViewController.swift */; };
		205CE6B329E38A570028450C /* DynamicffectsBallViewController.swift in Sources */ = {isa = PBXBuildFile; fileRef = 205CE6B229E38A570028450C /* DynamicffectsBallViewController.swift */; };
		205CE6B529E38A810028450C /* DynamicffectsMenuViewController.swift in Sources */ = {isa = PBXBuildFile; fileRef = 205CE6B429E38A810028450C /* DynamicffectsMenuViewController.swift */; };
		205CE6B829E3C2670028450C /* Field​BehaviorViewController.swift in Sources */ = {isa = PBXBuildFile; fileRef = 205CE6B729E3C2670028450C /* Field​BehaviorViewController.swift */; };
		207DA9A72CD8AECF0001BFF5 /* TableViewAdapter in Frameworks */ = {isa = PBXBuildFile; productRef = 207DA9A62CD8AECF0001BFF5 /* TableViewAdapter */; };
		207DA9C72CD99E480001BFF5 /* TableViewTestViewController.swift in Sources */ = {isa = PBXBuildFile; fileRef = 207DA9C62CD99E3D0001BFF5 /* TableViewTestViewController.swift */; };
		208662002CDC936A00DECAF6 /* CAGradientLayerTestViewController.xib in Resources */ = {isa = PBXBuildFile; fileRef = 208661FF2CDC936A00DECAF6 /* CAGradientLayerTestViewController.xib */; };
		208662012CDC936A00DECAF6 /* CAGradientLayerTestViewController.swift in Sources */ = {isa = PBXBuildFile; fileRef = 208661FE2CDC936A00DECAF6 /* CAGradientLayerTestViewController.swift */; };
		2089E84329E265FC00CE6908 /* MainViewController.swift in Sources */ = {isa = PBXBuildFile; fileRef = 2089E84229E265FC00CE6908 /* MainViewController.swift */; };
		209E19A12941C075008FEE89 /* E_i_tab_food_p_t@3x.png in Resources */ = {isa = PBXBuildFile; fileRef = 209E19A02941C075008FEE89 /* E_i_tab_food_p_t@3x.png */; };
		20A33D3C29D2BAE400075174 /* GIfImageExtension.swift in Sources */ = {isa = PBXBuildFile; fileRef = 20A33D3B29D2BAE400075174 /* GIfImageExtension.swift */; };
		20A33D4029D2BD4200075174 /* cmm_all_ani_pop_loading.gif in Resources */ = {isa = PBXBuildFile; fileRef = 20A33D3F29D2BD4200075174 /* cmm_all_ani_pop_loading.gif */; };
		20A33D6229D2C22F00075174 /* GifImageViewController.swift in Sources */ = {isa = PBXBuildFile; fileRef = 20A33D6129D2C22F00075174 /* GifImageViewController.swift */; };
		20C29C7C2CD4B9CB00F23EFD /* CollectionViewAdapter in Frameworks */ = {isa = PBXBuildFile; productRef = 20C29C7B2CD4B9CB00F23EFD /* CollectionViewAdapter */; };
		20C7AA902CC738A0007D01D4 /* PkhGridView in Frameworks */ = {isa = PBXBuildFile; productRef = 20C7AA8F2CC738A0007D01D4 /* PkhGridView */; };
		20C7AA972CC7397B007D01D4 /* TestCellCollectionViewCell.xib in Resources */ = {isa = PBXBuildFile; fileRef = 20C7AA932CC7397B007D01D4 /* TestCellCollectionViewCell.xib */; };
		20C7AA982CC7397B007D01D4 /* TestCellCollectionViewCell2.xib in Resources */ = {isa = PBXBuildFile; fileRef = 20C7AA952CC7397B007D01D4 /* TestCellCollectionViewCell2.xib */; };
		20C7AA992CC7397B007D01D4 /* TestCellCollectionViewCell.swift in Sources */ = {isa = PBXBuildFile; fileRef = 20C7AA922CC7397B007D01D4 /* TestCellCollectionViewCell.swift */; };
		20C7AA9A2CC7397B007D01D4 /* GridViewTestController.swift in Sources */ = {isa = PBXBuildFile; fileRef = 20C7AA962CC7397B007D01D4 /* GridViewTestController.swift */; };
		20C7AA9B2CC7397B007D01D4 /* TestCellCollectionViewCell2.swift in Sources */ = {isa = PBXBuildFile; fileRef = 20C7AA942CC7397B007D01D4 /* TestCellCollectionViewCell2.swift */; };
		20F57A7D29FBAEBA00F9A7F6 /* AddViewTestViewController.swift in Sources */ = {isa = PBXBuildFile; fileRef = 20F57A7C29FBAEBA00F9A7F6 /* AddViewTestViewController.swift */; };
		20F77EF32CDC50C400107C75 /* TableTestCell2.xib in Resources */ = {isa = PBXBuildFile; fileRef = 20F77EF22CDC50C400107C75 /* TableTestCell2.xib */; };
		20F77EF42CDC50C400107C75 /* TableTestCell2.swift in Sources */ = {isa = PBXBuildFile; fileRef = 20F77EF12CDC50C400107C75 /* TableTestCell2.swift */; };
		20FA8C652C6C605D00837939 /* EasyConstraints in Frameworks */ = {isa = PBXBuildFile; productRef = 20FA8C642C6C605D00837939 /* EasyConstraints */; };
		20FA8C742C6C7A8C00837939 /* SwiftHelper in Frameworks */ = {isa = PBXBuildFile; productRef = 20FA8C732C6C7A8C00837939 /* SwiftHelper */; };
		20FE360C2C6C32D90000255D /* AlignmentFlowLayout.swift in Sources */ = {isa = PBXBuildFile; fileRef = 20FE360B2C6C32D90000255D /* AlignmentFlowLayout.swift */; };
		20FF8E372CE58E66004285C3 /* CompositionalLayoutPageTestViewController.swift in Sources */ = {isa = PBXBuildFile; fileRef = 20FF8E362CE58E66004285C3 /* CompositionalLayoutPageTestViewController.swift */; };
/* End PBXBuildFile section */

/* Begin PBXFileReference section */
		200E2D8A2AE0DC1F004C13C5 /* CollectionViewTestViewController.swift */ = {isa = PBXFileReference; lastKnownFileType = sourcecode.swift; path = CollectionViewTestViewController.swift; sourceTree = "<group>"; };
		202354BE2CD4AA0B002BBBF2 /* CompositionalLayoutTestViewController.swift */ = {isa = PBXFileReference; lastKnownFileType = sourcecode.swift; path = CompositionalLayoutTestViewController.swift; sourceTree = "<group>"; };
		202354BF2CD4AA0B002BBBF2 /* CompositionalTestCell.swift */ = {isa = PBXFileReference; lastKnownFileType = sourcecode.swift; path = CompositionalTestCell.swift; sourceTree = "<group>"; };
		202354C12CD4AA0B002BBBF2 /* DiffableDataSourceViewController.swift */ = {isa = PBXFileReference; lastKnownFileType = sourcecode.swift; path = DiffableDataSourceViewController.swift; sourceTree = "<group>"; };
		202354C62CD4AAB9002BBBF2 /* TestCollectionReusableView.swift */ = {isa = PBXFileReference; lastKnownFileType = sourcecode.swift; path = TestCollectionReusableView.swift; sourceTree = "<group>"; };
		202354C72CD4AAB9002BBBF2 /* TestCollectionReusableView.xib */ = {isa = PBXFileReference; lastKnownFileType = file.xib; path = TestCollectionReusableView.xib; sourceTree = "<group>"; };
		203AF95F2A295AF50018EE87 /* WebLoadImageTestViewController.swift */ = {isa = PBXFileReference; lastKnownFileType = sourcecode.swift; path = WebLoadImageTestViewController.swift; sourceTree = "<group>"; };
		205CAE8528AB1EDF002999A8 /* TestProduct.app */ = {isa = PBXFileReference; explicitFileType = wrapper.application; includeInIndex = 0; path = TestProduct.app; sourceTree = BUILT_PRODUCTS_DIR; };
		205CAE8828AB1EDF002999A8 /* AppDelegate.swift */ = {isa = PBXFileReference; lastKnownFileType = sourcecode.swift; path = AppDelegate.swift; sourceTree = "<group>"; };
		205CAE8A28AB1EDF002999A8 /* SceneDelegate.swift */ = {isa = PBXFileReference; lastKnownFileType = sourcecode.swift; path = SceneDelegate.swift; sourceTree = "<group>"; };
		205CAE8C28AB1EDF002999A8 /* ThreadViewController.swift */ = {isa = PBXFileReference; lastKnownFileType = sourcecode.swift; path = ThreadViewController.swift; sourceTree = "<group>"; };
		205CAE8F28AB1EDF002999A8 /* Base */ = {isa = PBXFileReference; lastKnownFileType = file.storyboard; name = Base; path = Base.lproj/Main.storyboard; sourceTree = "<group>"; };
		205CAE9128AB1EE0002999A8 /* Assets.xcassets */ = {isa = PBXFileReference; lastKnownFileType = folder.assetcatalog; path = Assets.xcassets; sourceTree = "<group>"; };
		205CAE9428AB1EE0002999A8 /* Base */ = {isa = PBXFileReference; lastKnownFileType = file.storyboard; name = Base; path = Base.lproj/LaunchScreen.storyboard; sourceTree = "<group>"; };
		205CAE9628AB1EE0002999A8 /* Info.plist */ = {isa = PBXFileReference; lastKnownFileType = text.plist.xml; path = Info.plist; sourceTree = "<group>"; };
		205CE6AA29E26E650028450C /* DynamicAnimatorViewController.swift */ = {isa = PBXFileReference; lastKnownFileType = sourcecode.swift; path = DynamicAnimatorViewController.swift; sourceTree = "<group>"; };
		205CE6AD29E273BC0028450C /* DragAbleViewController.swift */ = {isa = PBXFileReference; lastKnownFileType = sourcecode.swift; path = DragAbleViewController.swift; sourceTree = "<group>"; };
		205CE6B029E388810028450C /* DynamicffectsTabViewController.swift */ = {isa = PBXFileReference; lastKnownFileType = sourcecode.swift; path = DynamicffectsTabViewController.swift; sourceTree = "<group>"; };
		205CE6B229E38A570028450C /* DynamicffectsBallViewController.swift */ = {isa = PBXFileReference; lastKnownFileType = sourcecode.swift; path = DynamicffectsBallViewController.swift; sourceTree = "<group>"; };
		205CE6B429E38A810028450C /* DynamicffectsMenuViewController.swift */ = {isa = PBXFileReference; lastKnownFileType = sourcecode.swift; path = DynamicffectsMenuViewController.swift; sourceTree = "<group>"; };
		205CE6B729E3C2670028450C /* Field​BehaviorViewController.swift */ = {isa = PBXFileReference; lastKnownFileType = sourcecode.swift; path = "Field​BehaviorViewController.swift"; sourceTree = "<group>"; };
		207DA9C62CD99E3D0001BFF5 /* TableViewTestViewController.swift */ = {isa = PBXFileReference; lastKnownFileType = sourcecode.swift; path = TableViewTestViewController.swift; sourceTree = "<group>"; };
		208661FE2CDC936A00DECAF6 /* CAGradientLayerTestViewController.swift */ = {isa = PBXFileReference; lastKnownFileType = sourcecode.swift; path = CAGradientLayerTestViewController.swift; sourceTree = "<group>"; };
		208661FF2CDC936A00DECAF6 /* CAGradientLayerTestViewController.xib */ = {isa = PBXFileReference; lastKnownFileType = file.xib; path = CAGradientLayerTestViewController.xib; sourceTree = "<group>"; };
		2089E84229E265FC00CE6908 /* MainViewController.swift */ = {isa = PBXFileReference; lastKnownFileType = sourcecode.swift; path = MainViewController.swift; sourceTree = "<group>"; };
		209E19A02941C075008FEE89 /* E_i_tab_food_p_t@3x.png */ = {isa = PBXFileReference; lastKnownFileType = image.png; path = "E_i_tab_food_p_t@3x.png"; sourceTree = "<group>"; };
		20A33D3B29D2BAE400075174 /* GIfImageExtension.swift */ = {isa = PBXFileReference; lastKnownFileType = sourcecode.swift; path = GIfImageExtension.swift; sourceTree = "<group>"; };
		20A33D3F29D2BD4200075174 /* cmm_all_ani_pop_loading.gif */ = {isa = PBXFileReference; lastKnownFileType = image.gif; path = cmm_all_ani_pop_loading.gif; sourceTree = "<group>"; };
		20A33D6129D2C22F00075174 /* GifImageViewController.swift */ = {isa = PBXFileReference; lastKnownFileType = sourcecode.swift; path = GifImageViewController.swift; sourceTree = "<group>"; };
		20C7AA922CC7397B007D01D4 /* TestCellCollectionViewCell.swift */ = {isa = PBXFileReference; lastKnownFileType = sourcecode.swift; path = TestCellCollectionViewCell.swift; sourceTree = "<group>"; };
		20C7AA932CC7397B007D01D4 /* TestCellCollectionViewCell.xib */ = {isa = PBXFileReference; lastKnownFileType = file.xib; path = TestCellCollectionViewCell.xib; sourceTree = "<group>"; };
		20C7AA942CC7397B007D01D4 /* TestCellCollectionViewCell2.swift */ = {isa = PBXFileReference; lastKnownFileType = sourcecode.swift; path = TestCellCollectionViewCell2.swift; sourceTree = "<group>"; };
		20C7AA952CC7397B007D01D4 /* TestCellCollectionViewCell2.xib */ = {isa = PBXFileReference; lastKnownFileType = file.xib; path = TestCellCollectionViewCell2.xib; sourceTree = "<group>"; };
		20C7AA962CC7397B007D01D4 /* GridViewTestController.swift */ = {isa = PBXFileReference; lastKnownFileType = sourcecode.swift; path = GridViewTestController.swift; sourceTree = "<group>"; };
		20F57A7C29FBAEBA00F9A7F6 /* AddViewTestViewController.swift */ = {isa = PBXFileReference; lastKnownFileType = sourcecode.swift; path = AddViewTestViewController.swift; sourceTree = "<group>"; };
		20F77EF12CDC50C400107C75 /* TableTestCell2.swift */ = {isa = PBXFileReference; lastKnownFileType = sourcecode.swift; path = TableTestCell2.swift; sourceTree = "<group>"; };
		20F77EF22CDC50C400107C75 /* TableTestCell2.xib */ = {isa = PBXFileReference; lastKnownFileType = file.xib; path = TableTestCell2.xib; sourceTree = "<group>"; };
		20FE360B2C6C32D90000255D /* AlignmentFlowLayout.swift */ = {isa = PBXFileReference; lastKnownFileType = sourcecode.swift; path = AlignmentFlowLayout.swift; sourceTree = "<group>"; };
		20FF8E362CE58E66004285C3 /* CompositionalLayoutPageTestViewController.swift */ = {isa = PBXFileReference; lastKnownFileType = sourcecode.swift; path = CompositionalLayoutPageTestViewController.swift; sourceTree = "<group>"; };
/* End PBXFileReference section */

/* Begin PBXFrameworksBuildPhase section */
		205CAE8228AB1EDF002999A8 /* Frameworks */ = {
			isa = PBXFrameworksBuildPhase;
			buildActionMask = 2147483647;
			files = (
				20FA8C742C6C7A8C00837939 /* SwiftHelper in Frameworks */,
				20C7AA902CC738A0007D01D4 /* PkhGridView in Frameworks */,
				207DA9A72CD8AECF0001BFF5 /* TableViewAdapter in Frameworks */,
				203AF9672A2966B60018EE87 /* SDWebImageWebPCoder in Frameworks */,
				20C29C7C2CD4B9CB00F23EFD /* CollectionViewAdapter in Frameworks */,
				20FA8C652C6C605D00837939 /* EasyConstraints in Frameworks */,
			);
			runOnlyForDeploymentPostprocessing = 0;
		};
/* End PBXFrameworksBuildPhase section */

/* Begin PBXGroup section */
		200E2D892AE0DBFF004C13C5 /* CollectionViewTest */ = {
			isa = PBXGroup;
			children = (
				200E2D8A2AE0DC1F004C13C5 /* CollectionViewTestViewController.swift */,
				20FE360B2C6C32D90000255D /* AlignmentFlowLayout.swift */,
			);
			path = CollectionViewTest;
			sourceTree = "<group>";
		};
		202354C02CD4AA0B002BBBF2 /* CompositionalLayoutTest */ = {
			isa = PBXGroup;
			children = (
				202354BE2CD4AA0B002BBBF2 /* CompositionalLayoutTestViewController.swift */,
				20FF8E362CE58E66004285C3 /* CompositionalLayoutPageTestViewController.swift */,
				202354BF2CD4AA0B002BBBF2 /* CompositionalTestCell.swift */,
				202354C62CD4AAB9002BBBF2 /* TestCollectionReusableView.swift */,
				202354C72CD4AAB9002BBBF2 /* TestCollectionReusableView.xib */,
			);
			path = CompositionalLayoutTest;
			sourceTree = "<group>";
		};
		202354C22CD4AA0B002BBBF2 /* DiffableDataSourceTest */ = {
			isa = PBXGroup;
			children = (
				202354C12CD4AA0B002BBBF2 /* DiffableDataSourceViewController.swift */,
			);
			path = DiffableDataSourceTest;
			sourceTree = "<group>";
		};
		203AF95E2A295AC90018EE87 /* WebLoadImageTest */ = {
			isa = PBXGroup;
			children = (
				203AF95F2A295AF50018EE87 /* WebLoadImageTestViewController.swift */,
			);
			path = WebLoadImageTest;
			sourceTree = "<group>";
		};
		205CAE7C28AB1EDF002999A8 = {
			isa = PBXGroup;
			children = (
				205CAE8728AB1EDF002999A8 /* test */,
				20C29C7A2CD4B9CB00F23EFD /* Frameworks */,
				205CAE8628AB1EDF002999A8 /* Products */,
			);
			sourceTree = "<group>";
		};
		205CAE8628AB1EDF002999A8 /* Products */ = {
			isa = PBXGroup;
			children = (
				205CAE8528AB1EDF002999A8 /* TestProduct.app */,
			);
			name = Products;
			sourceTree = "<group>";
		};
		205CAE8728AB1EDF002999A8 /* test */ = {
			isa = PBXGroup;
			children = (
				205CAE8828AB1EDF002999A8 /* AppDelegate.swift */,
				205CAE8A28AB1EDF002999A8 /* SceneDelegate.swift */,
				2089E84229E265FC00CE6908 /* MainViewController.swift */,
				205CAE8E28AB1EDF002999A8 /* Main.storyboard */,
				207DA9C82CD9A00A0001BFF5 /* View */,
				207DA9C92CD9C7CE0001BFF5 /* TableView */,
				207DA9CA2CD9C7DA0001BFF5 /* CollectionView */,
				207DA9CB2CD9C7F90001BFF5 /* Animation */,
				2089E84129E265CD00CE6908 /* Thread */,
				205CAE9128AB1EE0002999A8 /* Assets.xcassets */,
				205CAE9328AB1EE0002999A8 /* LaunchScreen.storyboard */,
				209E19A02941C075008FEE89 /* E_i_tab_food_p_t@3x.png */,
				205CAE9628AB1EE0002999A8 /* Info.plist */,
			);
			path = test;
			sourceTree = "<group>";
		};
		205CE6A929E26E320028450C /* UIDynamicAnimator */ = {
			isa = PBXGroup;
			children = (
				205CE6AA29E26E650028450C /* DynamicAnimatorViewController.swift */,
			);
			path = UIDynamicAnimator;
			sourceTree = "<group>";
		};
		205CE6AC29E2739E0028450C /* DragAbleViewManager */ = {
			isa = PBXGroup;
			children = (
				205CE6AD29E273BC0028450C /* DragAbleViewController.swift */,
			);
			path = DragAbleViewManager;
			sourceTree = "<group>";
		};
		205CE6AF29E388530028450C /* Dynamic Effects */ = {
			isa = PBXGroup;
			children = (
				205CE6B029E388810028450C /* DynamicffectsTabViewController.swift */,
				205CE6B229E38A570028450C /* DynamicffectsBallViewController.swift */,
				205CE6B429E38A810028450C /* DynamicffectsMenuViewController.swift */,
			);
			path = "Dynamic Effects";
			sourceTree = "<group>";
		};
		205CE6B629E3C24E0028450C /* UIField​Behavior */ = {
			isa = PBXGroup;
			children = (
				205CE6B729E3C2670028450C /* Field​BehaviorViewController.swift */,
			);
			path = "UIField​Behavior";
			sourceTree = "<group>";
		};
		207DA9C52CD99E1A0001BFF5 /* TableViewTest */ = {
			isa = PBXGroup;
			children = (
				207DA9C62CD99E3D0001BFF5 /* TableViewTestViewController.swift */,
				20F77EF12CDC50C400107C75 /* TableTestCell2.swift */,
				20F77EF22CDC50C400107C75 /* TableTestCell2.xib */,
			);
			path = TableViewTest;
			sourceTree = "<group>";
		};
		207DA9C82CD9A00A0001BFF5 /* View */ = {
			isa = PBXGroup;
			children = (
				2089E84029E265B700CE6908 /* Gif */,
				2089E84429E26B9E00CE6908 /* Gradient */,
				20F57A7B29FBAE9800F9A7F6 /* addViewTest */,
				203AF95E2A295AC90018EE87 /* WebLoadImageTest */,
				20C7AA912CC7395F007D01D4 /* GridView */,
			);
			path = View;
			sourceTree = "<group>";
		};
		207DA9C92CD9C7CE0001BFF5 /* TableView */ = {
			isa = PBXGroup;
			children = (
				207DA9C52CD99E1A0001BFF5 /* TableViewTest */,
			);
			path = TableView;
			sourceTree = "<group>";
		};
		207DA9CA2CD9C7DA0001BFF5 /* CollectionView */ = {
			isa = PBXGroup;
			children = (
				200E2D892AE0DBFF004C13C5 /* CollectionViewTest */,
				202354C02CD4AA0B002BBBF2 /* CompositionalLayoutTest */,
				202354C22CD4AA0B002BBBF2 /* DiffableDataSourceTest */,
			);
			path = CollectionView;
			sourceTree = "<group>";
		};
		207DA9CB2CD9C7F90001BFF5 /* Animation */ = {
			isa = PBXGroup;
			children = (
				205CE6A929E26E320028450C /* UIDynamicAnimator */,
				205CE6AC29E2739E0028450C /* DragAbleViewManager */,
				205CE6AF29E388530028450C /* Dynamic Effects */,
				205CE6B629E3C24E0028450C /* UIField​Behavior */,
			);
			path = Animation;
			sourceTree = "<group>";
		};
		2089E84029E265B700CE6908 /* Gif */ = {
			isa = PBXGroup;
			children = (
				20A33D3F29D2BD4200075174 /* cmm_all_ani_pop_loading.gif */,
				20A33D6129D2C22F00075174 /* GifImageViewController.swift */,
				20A33D3B29D2BAE400075174 /* GIfImageExtension.swift */,
			);
			path = Gif;
			sourceTree = "<group>";
		};
		2089E84129E265CD00CE6908 /* Thread */ = {
			isa = PBXGroup;
			children = (
				205CAE8C28AB1EDF002999A8 /* ThreadViewController.swift */,
			);
			path = Thread;
			sourceTree = "<group>";
		};
		2089E84429E26B9E00CE6908 /* Gradient */ = {
			isa = PBXGroup;
			children = (
				208661FE2CDC936A00DECAF6 /* CAGradientLayerTestViewController.swift */,
				208661FF2CDC936A00DECAF6 /* CAGradientLayerTestViewController.xib */,
			);
			path = Gradient;
			sourceTree = "<group>";
		};
		20C29C7A2CD4B9CB00F23EFD /* Frameworks */ = {
			isa = PBXGroup;
			children = (
			);
			name = Frameworks;
			sourceTree = "<group>";
		};
		20C7AA912CC7395F007D01D4 /* GridView */ = {
			isa = PBXGroup;
			children = (
				20C7AA962CC7397B007D01D4 /* GridViewTestController.swift */,
				20C7AA922CC7397B007D01D4 /* TestCellCollectionViewCell.swift */,
				20C7AA932CC7397B007D01D4 /* TestCellCollectionViewCell.xib */,
				20C7AA942CC7397B007D01D4 /* TestCellCollectionViewCell2.swift */,
				20C7AA952CC7397B007D01D4 /* TestCellCollectionViewCell2.xib */,
			);
			path = GridView;
			sourceTree = "<group>";
		};
		20F57A7B29FBAE9800F9A7F6 /* addViewTest */ = {
			isa = PBXGroup;
			children = (
				20F57A7C29FBAEBA00F9A7F6 /* AddViewTestViewController.swift */,
			);
			path = addViewTest;
			sourceTree = "<group>";
		};
/* End PBXGroup section */

/* Begin PBXNativeTarget section */
		205CAE8428AB1EDF002999A8 /* TestProduct */ = {
			isa = PBXNativeTarget;
			buildConfigurationList = 205CAE9928AB1EE0002999A8 /* Build configuration list for PBXNativeTarget "TestProduct" */;
			buildPhases = (
				205CAE8128AB1EDF002999A8 /* Sources */,
				205CAE8228AB1EDF002999A8 /* Frameworks */,
				205CAE8328AB1EDF002999A8 /* Resources */,
			);
			buildRules = (
			);
			dependencies = (
			);
			name = TestProduct;
			packageProductDependencies = (
				203AF9662A2966B60018EE87 /* SDWebImageWebPCoder */,
				20FA8C642C6C605D00837939 /* EasyConstraints */,
				20FA8C732C6C7A8C00837939 /* SwiftHelper */,
				20C7AA8F2CC738A0007D01D4 /* PkhGridView */,
				20C29C7B2CD4B9CB00F23EFD /* CollectionViewAdapter */,
				207DA9A62CD8AECF0001BFF5 /* TableViewAdapter */,
			);
			productName = test;
			productReference = 205CAE8528AB1EDF002999A8 /* TestProduct.app */;
			productType = "com.apple.product-type.application";
		};
/* End PBXNativeTarget section */

/* Begin PBXProject section */
		205CAE7D28AB1EDF002999A8 /* Project object */ = {
			isa = PBXProject;
			attributes = {
				BuildIndependentTargetsInParallel = 1;
				LastSwiftUpdateCheck = 1330;
				LastUpgradeCheck = 1330;
				TargetAttributes = {
					205CAE8428AB1EDF002999A8 = {
						CreatedOnToolsVersion = 13.3.1;
					};
				};
			};
			buildConfigurationList = 205CAE8028AB1EDF002999A8 /* Build configuration list for PBXProject "TestProduct" */;
			compatibilityVersion = "Xcode 13.0";
			developmentRegion = en;
			hasScannedForEncodings = 0;
			knownRegions = (
				en,
				Base,
			);
			mainGroup = 205CAE7C28AB1EDF002999A8;
			packageReferences = (
				203AF9652A2966B60018EE87 /* XCRemoteSwiftPackageReference "SDWebImageWebPCoder" */,
				20FA8C632C6C605D00837939 /* XCRemoteSwiftPackageReference "EasyConstraints" */,
				20FA8C722C6C7A8C00837939 /* XCRemoteSwiftPackageReference "SwiftHelper" */,
				20C7AA8E2CC738A0007D01D4 /* XCRemoteSwiftPackageReference "PkhGridView" */,
				20FB6EFA2CD4B2030004F7AE /* XCRemoteSwiftPackageReference "CollectionViewAdapter" */,
				2047EE322CD8AE1300FF3003 /* XCRemoteSwiftPackageReference "TableViewAdapter" */,
				203FAB7D2CE58E040090A59D /* XCRemoteSwiftPackageReference "PKHJsonParser" */,
			);
			productRefGroup = 205CAE8628AB1EDF002999A8 /* Products */;
			projectDirPath = "";
			projectRoot = "";
			targets = (
				205CAE8428AB1EDF002999A8 /* TestProduct */,
			);
		};
/* End PBXProject section */

/* Begin PBXResourcesBuildPhase section */
		205CAE8328AB1EDF002999A8 /* Resources */ = {
			isa = PBXResourcesBuildPhase;
			buildActionMask = 2147483647;
			files = (
				205CAE9528AB1EE0002999A8 /* LaunchScreen.storyboard in Resources */,
				209E19A12941C075008FEE89 /* E_i_tab_food_p_t@3x.png in Resources */,
				202354C82CD4AAB9002BBBF2 /* TestCollectionReusableView.xib in Resources */,
				20A33D4029D2BD4200075174 /* cmm_all_ani_pop_loading.gif in Resources */,
				205CAE9228AB1EE0002999A8 /* Assets.xcassets in Resources */,
				205CAE9028AB1EDF002999A8 /* Main.storyboard in Resources */,
				208662002CDC936A00DECAF6 /* CAGradientLayerTestViewController.xib in Resources */,
				20C7AA972CC7397B007D01D4 /* TestCellCollectionViewCell.xib in Resources */,
				20C7AA982CC7397B007D01D4 /* TestCellCollectionViewCell2.xib in Resources */,
				20F77EF32CDC50C400107C75 /* TableTestCell2.xib in Resources */,
			);
			runOnlyForDeploymentPostprocessing = 0;
		};
/* End PBXResourcesBuildPhase section */

/* Begin PBXSourcesBuildPhase section */
		205CAE8128AB1EDF002999A8 /* Sources */ = {
			isa = PBXSourcesBuildPhase;
			buildActionMask = 2147483647;
			files = (
				205CE6B529E38A810028450C /* DynamicffectsMenuViewController.swift in Sources */,
				20C7AA992CC7397B007D01D4 /* TestCellCollectionViewCell.swift in Sources */,
				20C7AA9A2CC7397B007D01D4 /* GridViewTestController.swift in Sources */,
				20C7AA9B2CC7397B007D01D4 /* TestCellCollectionViewCell2.swift in Sources */,
				208662012CDC936A00DECAF6 /* CAGradientLayerTestViewController.swift in Sources */,
				202354C92CD4AAB9002BBBF2 /* TestCollectionReusableView.swift in Sources */,
				200E2D8B2AE0DC1F004C13C5 /* CollectionViewTestViewController.swift in Sources */,
				20A33D3C29D2BAE400075174 /* GIfImageExtension.swift in Sources */,
				20FE360C2C6C32D90000255D /* AlignmentFlowLayout.swift in Sources */,
				205CE6AB29E26E650028450C /* DynamicAnimatorViewController.swift in Sources */,
				205CE6AE29E273BC0028450C /* DragAbleViewController.swift in Sources */,
				202354C32CD4AA0B002BBBF2 /* CompositionalTestCell.swift in Sources */,
				207DA9C72CD99E480001BFF5 /* TableViewTestViewController.swift in Sources */,
				202354C42CD4AA0B002BBBF2 /* CompositionalLayoutTestViewController.swift in Sources */,
				20F77EF42CDC50C400107C75 /* TableTestCell2.swift in Sources */,
				202354C52CD4AA0B002BBBF2 /* DiffableDataSourceViewController.swift in Sources */,
				205CAE8D28AB1EDF002999A8 /* ThreadViewController.swift in Sources */,
				205CAE8928AB1EDF002999A8 /* AppDelegate.swift in Sources */,
				205CE6B129E388810028450C /* DynamicffectsTabViewController.swift in Sources */,
				2089E84329E265FC00CE6908 /* MainViewController.swift in Sources */,
				20A33D6229D2C22F00075174 /* GifImageViewController.swift in Sources */,
				205CE6B829E3C2670028450C /* Field​BehaviorViewController.swift in Sources */,
				20FF8E372CE58E66004285C3 /* CompositionalLayoutPageTestViewController.swift in Sources */,
				20F57A7D29FBAEBA00F9A7F6 /* AddViewTestViewController.swift in Sources */,
				203AF9602A295AF50018EE87 /* WebLoadImageTestViewController.swift in Sources */,
				205CAE8B28AB1EDF002999A8 /* SceneDelegate.swift in Sources */,
				205CE6B329E38A570028450C /* DynamicffectsBallViewController.swift in Sources */,
			);
			runOnlyForDeploymentPostprocessing = 0;
		};
/* End PBXSourcesBuildPhase section */

/* Begin PBXVariantGroup section */
		205CAE8E28AB1EDF002999A8 /* Main.storyboard */ = {
			isa = PBXVariantGroup;
			children = (
				205CAE8F28AB1EDF002999A8 /* Base */,
			);
			name = Main.storyboard;
			sourceTree = "<group>";
		};
		205CAE9328AB1EE0002999A8 /* LaunchScreen.storyboard */ = {
			isa = PBXVariantGroup;
			children = (
				205CAE9428AB1EE0002999A8 /* Base */,
			);
			name = LaunchScreen.storyboard;
			sourceTree = "<group>";
		};
/* End PBXVariantGroup section */

/* Begin XCBuildConfiguration section */
		205CAE9728AB1EE0002999A8 /* Debug */ = {
			isa = XCBuildConfiguration;
			buildSettings = {
				ALWAYS_SEARCH_USER_PATHS = NO;
				CLANG_ANALYZER_NONNULL = YES;
				CLANG_ANALYZER_NUMBER_OBJECT_CONVERSION = YES_AGGRESSIVE;
				CLANG_CXX_LANGUAGE_STANDARD = "gnu++17";
				CLANG_ENABLE_MODULES = YES;
				CLANG_ENABLE_OBJC_ARC = YES;
				CLANG_ENABLE_OBJC_WEAK = YES;
				CLANG_WARN_BLOCK_CAPTURE_AUTORELEASING = YES;
				CLANG_WARN_BOOL_CONVERSION = YES;
				CLANG_WARN_COMMA = YES;
				CLANG_WARN_CONSTANT_CONVERSION = YES;
				CLANG_WARN_DEPRECATED_OBJC_IMPLEMENTATIONS = YES;
				CLANG_WARN_DIRECT_OBJC_ISA_USAGE = YES_ERROR;
				CLANG_WARN_DOCUMENTATION_COMMENTS = YES;
				CLANG_WARN_EMPTY_BODY = YES;
				CLANG_WARN_ENUM_CONVERSION = YES;
				CLANG_WARN_INFINITE_RECURSION = YES;
				CLANG_WARN_INT_CONVERSION = YES;
				CLANG_WARN_NON_LITERAL_NULL_CONVERSION = YES;
				CLANG_WARN_OBJC_IMPLICIT_RETAIN_SELF = YES;
				CLANG_WARN_OBJC_LITERAL_CONVERSION = YES;
				CLANG_WARN_OBJC_ROOT_CLASS = YES_ERROR;
				CLANG_WARN_QUOTED_INCLUDE_IN_FRAMEWORK_HEADER = YES;
				CLANG_WARN_RANGE_LOOP_ANALYSIS = YES;
				CLANG_WARN_STRICT_PROTOTYPES = YES;
				CLANG_WARN_SUSPICIOUS_MOVE = YES;
				CLANG_WARN_UNGUARDED_AVAILABILITY = YES_AGGRESSIVE;
				CLANG_WARN_UNREACHABLE_CODE = YES;
				CLANG_WARN__DUPLICATE_METHOD_MATCH = YES;
				COPY_PHASE_STRIP = NO;
				DEBUG_INFORMATION_FORMAT = dwarf;
				ENABLE_STRICT_OBJC_MSGSEND = YES;
				ENABLE_TESTABILITY = YES;
				GCC_C_LANGUAGE_STANDARD = gnu11;
				GCC_DYNAMIC_NO_PIC = NO;
				GCC_NO_COMMON_BLOCKS = YES;
				GCC_OPTIMIZATION_LEVEL = 0;
				GCC_PREPROCESSOR_DEFINITIONS = (
					"DEBUG=1",
					"$(inherited)",
				);
				GCC_WARN_64_TO_32_BIT_CONVERSION = YES;
				GCC_WARN_ABOUT_RETURN_TYPE = YES_ERROR;
				GCC_WARN_UNDECLARED_SELECTOR = YES;
				GCC_WARN_UNINITIALIZED_AUTOS = YES_AGGRESSIVE;
				GCC_WARN_UNUSED_FUNCTION = YES;
				GCC_WARN_UNUSED_VARIABLE = YES;
				IPHONEOS_DEPLOYMENT_TARGET = 13.0;
				MTL_ENABLE_DEBUG_INFO = INCLUDE_SOURCE;
				MTL_FAST_MATH = YES;
				ONLY_ACTIVE_ARCH = YES;
				SDKROOT = iphoneos;
				SWIFT_ACTIVE_COMPILATION_CONDITIONS = DEBUG;
				SWIFT_OPTIMIZATION_LEVEL = "-Onone";
				SWIFT_VERSION = 5.0;
			};
			name = Debug;
		};
		205CAE9828AB1EE0002999A8 /* Release */ = {
			isa = XCBuildConfiguration;
			buildSettings = {
				ALWAYS_SEARCH_USER_PATHS = NO;
				CLANG_ANALYZER_NONNULL = YES;
				CLANG_ANALYZER_NUMBER_OBJECT_CONVERSION = YES_AGGRESSIVE;
				CLANG_CXX_LANGUAGE_STANDARD = "gnu++17";
				CLANG_ENABLE_MODULES = YES;
				CLANG_ENABLE_OBJC_ARC = YES;
				CLANG_ENABLE_OBJC_WEAK = YES;
				CLANG_WARN_BLOCK_CAPTURE_AUTORELEASING = YES;
				CLANG_WARN_BOOL_CONVERSION = YES;
				CLANG_WARN_COMMA = YES;
				CLANG_WARN_CONSTANT_CONVERSION = YES;
				CLANG_WARN_DEPRECATED_OBJC_IMPLEMENTATIONS = YES;
				CLANG_WARN_DIRECT_OBJC_ISA_USAGE = YES_ERROR;
				CLANG_WARN_DOCUMENTATION_COMMENTS = YES;
				CLANG_WARN_EMPTY_BODY = YES;
				CLANG_WARN_ENUM_CONVERSION = YES;
				CLANG_WARN_INFINITE_RECURSION = YES;
				CLANG_WARN_INT_CONVERSION = YES;
				CLANG_WARN_NON_LITERAL_NULL_CONVERSION = YES;
				CLANG_WARN_OBJC_IMPLICIT_RETAIN_SELF = YES;
				CLANG_WARN_OBJC_LITERAL_CONVERSION = YES;
				CLANG_WARN_OBJC_ROOT_CLASS = YES_ERROR;
				CLANG_WARN_QUOTED_INCLUDE_IN_FRAMEWORK_HEADER = YES;
				CLANG_WARN_RANGE_LOOP_ANALYSIS = YES;
				CLANG_WARN_STRICT_PROTOTYPES = YES;
				CLANG_WARN_SUSPICIOUS_MOVE = YES;
				CLANG_WARN_UNGUARDED_AVAILABILITY = YES_AGGRESSIVE;
				CLANG_WARN_UNREACHABLE_CODE = YES;
				CLANG_WARN__DUPLICATE_METHOD_MATCH = YES;
				COPY_PHASE_STRIP = NO;
				DEBUG_INFORMATION_FORMAT = "dwarf-with-dsym";
				ENABLE_NS_ASSERTIONS = NO;
				ENABLE_STRICT_OBJC_MSGSEND = YES;
				GCC_C_LANGUAGE_STANDARD = gnu11;
				GCC_NO_COMMON_BLOCKS = YES;
				GCC_WARN_64_TO_32_BIT_CONVERSION = YES;
				GCC_WARN_ABOUT_RETURN_TYPE = YES_ERROR;
				GCC_WARN_UNDECLARED_SELECTOR = YES;
				GCC_WARN_UNINITIALIZED_AUTOS = YES_AGGRESSIVE;
				GCC_WARN_UNUSED_FUNCTION = YES;
				GCC_WARN_UNUSED_VARIABLE = YES;
				IPHONEOS_DEPLOYMENT_TARGET = 13.0;
				MTL_ENABLE_DEBUG_INFO = NO;
				MTL_FAST_MATH = YES;
				SDKROOT = iphoneos;
				SWIFT_COMPILATION_MODE = wholemodule;
				SWIFT_OPTIMIZATION_LEVEL = "-O";
				SWIFT_VERSION = 5.0;
				VALIDATE_PRODUCT = YES;
			};
			name = Release;
		};
		205CAE9A28AB1EE0002999A8 /* Debug */ = {
			isa = XCBuildConfiguration;
			buildSettings = {
				ASSETCATALOG_COMPILER_APPICON_NAME = AppIcon;
				ASSETCATALOG_COMPILER_GLOBAL_ACCENT_COLOR_NAME = AccentColor;
				CODE_SIGN_STYLE = Automatic;
				CURRENT_PROJECT_VERSION = 1;
				DEVELOPMENT_TEAM = LW3F5LSN8X;
				GENERATE_INFOPLIST_FILE = YES;
				INFOPLIST_FILE = test/Info.plist;
				INFOPLIST_KEY_UIApplicationSupportsIndirectInputEvents = YES;
				INFOPLIST_KEY_UILaunchStoryboardName = LaunchScreen;
				INFOPLIST_KEY_UIMainStoryboardFile = Main;
				INFOPLIST_KEY_UISupportedInterfaceOrientations_iPad = "UIInterfaceOrientationPortrait UIInterfaceOrientationPortraitUpsideDown UIInterfaceOrientationLandscapeLeft UIInterfaceOrientationLandscapeRight";
				INFOPLIST_KEY_UISupportedInterfaceOrientations_iPhone = "UIInterfaceOrientationPortrait UIInterfaceOrientationLandscapeLeft UIInterfaceOrientationLandscapeRight";
				INFOPLIST_KEY_UIUserInterfaceStyle = Light;
				IPHONEOS_DEPLOYMENT_TARGET = 13.0;
				LD_RUNPATH_SEARCH_PATHS = (
					"$(inherited)",
					"@executable_path/Frameworks",
				);
				MARKETING_VERSION = 1.0;
				PRODUCT_BUNDLE_IDENTIFIER = com.beta.test;
				PRODUCT_NAME = "$(TARGET_NAME)";
				SWIFT_EMIT_LOC_STRINGS = YES;
				SWIFT_VERSION = 5.0;
				TARGETED_DEVICE_FAMILY = "1,2";
			};
			name = Debug;
		};
		205CAE9B28AB1EE0002999A8 /* Release */ = {
			isa = XCBuildConfiguration;
			buildSettings = {
				ASSETCATALOG_COMPILER_APPICON_NAME = AppIcon;
				ASSETCATALOG_COMPILER_GLOBAL_ACCENT_COLOR_NAME = AccentColor;
				CODE_SIGN_STYLE = Automatic;
				CURRENT_PROJECT_VERSION = 1;
				DEVELOPMENT_TEAM = LW3F5LSN8X;
				GENERATE_INFOPLIST_FILE = YES;
				INFOPLIST_FILE = test/Info.plist;
				INFOPLIST_KEY_UIApplicationSupportsIndirectInputEvents = YES;
				INFOPLIST_KEY_UILaunchStoryboardName = LaunchScreen;
				INFOPLIST_KEY_UIMainStoryboardFile = Main;
				INFOPLIST_KEY_UISupportedInterfaceOrientations_iPad = "UIInterfaceOrientationPortrait UIInterfaceOrientationPortraitUpsideDown UIInterfaceOrientationLandscapeLeft UIInterfaceOrientationLandscapeRight";
				INFOPLIST_KEY_UISupportedInterfaceOrientations_iPhone = "UIInterfaceOrientationPortrait UIInterfaceOrientationLandscapeLeft UIInterfaceOrientationLandscapeRight";
				INFOPLIST_KEY_UIUserInterfaceStyle = Light;
				IPHONEOS_DEPLOYMENT_TARGET = 13.0;
				LD_RUNPATH_SEARCH_PATHS = (
					"$(inherited)",
					"@executable_path/Frameworks",
				);
				MARKETING_VERSION = 1.0;
				PRODUCT_BUNDLE_IDENTIFIER = com.beta.test;
				PRODUCT_NAME = "$(TARGET_NAME)";
				SWIFT_EMIT_LOC_STRINGS = YES;
				SWIFT_VERSION = 5.0;
				TARGETED_DEVICE_FAMILY = "1,2";
			};
			name = Release;
		};
/* End XCBuildConfiguration section */

/* Begin XCConfigurationList section */
		205CAE8028AB1EDF002999A8 /* Build configuration list for PBXProject "TestProduct" */ = {
			isa = XCConfigurationList;
			buildConfigurations = (
				205CAE9728AB1EE0002999A8 /* Debug */,
				205CAE9828AB1EE0002999A8 /* Release */,
			);
			defaultConfigurationIsVisible = 0;
			defaultConfigurationName = Release;
		};
		205CAE9928AB1EE0002999A8 /* Build configuration list for PBXNativeTarget "TestProduct" */ = {
			isa = XCConfigurationList;
			buildConfigurations = (
				205CAE9A28AB1EE0002999A8 /* Debug */,
				205CAE9B28AB1EE0002999A8 /* Release */,
			);
			defaultConfigurationIsVisible = 0;
			defaultConfigurationName = Release;
		};
/* End XCConfigurationList section */

/* Begin XCRemoteSwiftPackageReference section */
		203AF9652A2966B60018EE87 /* XCRemoteSwiftPackageReference "SDWebImageWebPCoder" */ = {
			isa = XCRemoteSwiftPackageReference;
			repositoryURL = "https://github.com/SDWebImage/SDWebImageWebPCoder.git";
			requirement = {
				kind = upToNextMajorVersion;
				minimumVersion = 0.11.0;
			};
		};
		203FAB7D2CE58E040090A59D /* XCRemoteSwiftPackageReference "PKHJsonParser" */ = {
			isa = XCRemoteSwiftPackageReference;
			repositoryURL = "https://github.com/pkh0225/PKHJsonParser.git";
			requirement = {
				kind = upToNextMajorVersion;
				minimumVersion = 1.3.1;
			};
		};
		2047EE322CD8AE1300FF3003 /* XCRemoteSwiftPackageReference "TableViewAdapter" */ = {
			isa = XCRemoteSwiftPackageReference;
			repositoryURL = "https://github.com/pkh0225/TableViewAdapter.git";
			requirement = {
				kind = upToNextMajorVersion;
				minimumVersion = 1.0.5;
			};
		};
		20C7AA8E2CC738A0007D01D4 /* XCRemoteSwiftPackageReference "PkhGridView" */ = {
			isa = XCRemoteSwiftPackageReference;
			repositoryURL = "https://github.com/pkh0225/PkhGridView.git";
			requirement = {
				kind = upToNextMajorVersion;
				minimumVersion = 0.1.3;
			};
		};
		20FA8C632C6C605D00837939 /* XCRemoteSwiftPackageReference "EasyConstraints" */ = {
			isa = XCRemoteSwiftPackageReference;
			repositoryURL = "https://github.com/pkh0225/EasyConstraints.git";
			requirement = {
				kind = upToNextMajorVersion;
				minimumVersion = 1.0.9;
			};
		};
		20FA8C722C6C7A8C00837939 /* XCRemoteSwiftPackageReference "SwiftHelper" */ = {
			isa = XCRemoteSwiftPackageReference;
			repositoryURL = "https://github.com/pkh0225/SwiftHelper.git";
			requirement = {
				kind = upToNextMajorVersion;
				minimumVersion = 1.4.11;
			};
		};
		20FB6EFA2CD4B2030004F7AE /* XCRemoteSwiftPackageReference "CollectionViewAdapter" */ = {
			isa = XCRemoteSwiftPackageReference;
			repositoryURL = "https://github.com/pkh0225/CollectionViewAdapter.git";
			requirement = {
				kind = upToNextMajorVersion;
				minimumVersion = 1.6.2;
			};
		};
/* End XCRemoteSwiftPackageReference section */

/* Begin XCSwiftPackageProductDependency section */
		203AF9662A2966B60018EE87 /* SDWebImageWebPCoder */ = {
			isa = XCSwiftPackageProductDependency;
			package = 203AF9652A2966B60018EE87 /* XCRemoteSwiftPackageReference "SDWebImageWebPCoder" */;
			productName = SDWebImageWebPCoder;
		};
		207DA9A62CD8AECF0001BFF5 /* TableViewAdapter */ = {
			isa = XCSwiftPackageProductDependency;
			package = 2047EE322CD8AE1300FF3003 /* XCRemoteSwiftPackageReference "TableViewAdapter" */;
			productName = TableViewAdapter;
		};
		20C29C7B2CD4B9CB00F23EFD /* CollectionViewAdapter */ = {
			isa = XCSwiftPackageProductDependency;
			package = 20FB6EFA2CD4B2030004F7AE /* XCRemoteSwiftPackageReference "CollectionViewAdapter" */;
			productName = CollectionViewAdapter;
		};
		20C7AA8F2CC738A0007D01D4 /* PkhGridView */ = {
			isa = XCSwiftPackageProductDependency;
			package = 20C7AA8E2CC738A0007D01D4 /* XCRemoteSwiftPackageReference "PkhGridView" */;
			productName = PkhGridView;
		};
		20FA8C642C6C605D00837939 /* EasyConstraints */ = {
			isa = XCSwiftPackageProductDependency;
			package = 20FA8C632C6C605D00837939 /* XCRemoteSwiftPackageReference "EasyConstraints" */;
			productName = EasyConstraints;
		};
		20FA8C732C6C7A8C00837939 /* SwiftHelper */ = {
			isa = XCSwiftPackageProductDependency;
			package = 20FA8C722C6C7A8C00837939 /* XCRemoteSwiftPackageReference "SwiftHelper" */;
			productName = SwiftHelper;
		};
/* End XCSwiftPackageProductDependency section */
	};
	rootObject = 205CAE7D28AB1EDF002999A8 /* Project object */;
}
